
Microsoft Visual Studio Solution File, Format Version 12.00
# Visual Studio Version 17
VisualStudioVersion = 17.7.34202.233
MinimumVisualStudioVersion = 10.0.40219.1
Project("{FAE04EC0-301F-11D3-BF4B-00C04F79EFBC}") = "RiceStore", "RiceStore\RiceStore.csproj", "{98E2A890-0B33-4D24-8415-260061FBA12B}"
EndProject
Global
	GlobalSection(SolutionConfigurationPlatforms) = preSolution
		Debug|Any CPU = Debug|Any CPU
		Release|Any CPU = Release|Any CPU
	EndGlobalSection
	GlobalSection(ProjectConfigurationPlatforms) = postSolution
		{98E2A890-0B33-4D24-8415-260061FBA12B}.Debug|Any CPU.ActiveCfg = Debug|Any CPU
		{98E2A890-0B33-4D24-8415-260061FBA12B}.Debug|Any CPU.Build.0 = Debug|Any CPU
		{98E2A890-0B33-4D24-8415-260061FBA12B}.Release|Any CPU.ActiveCfg = Release|Any CPU
		{98E2A890-0B33-4D24-8415-260061FBA12B}.Release|Any CPU.Build.0 = Release|Any CPU
	EndGlobalSection
	GlobalSection(SolutionProperties) = preSolution
		HideSolutionNode = FALSE
	EndGlobalSection
	GlobalSection(ExtensibilityGlobals) = postSolution
		SolutionGuid = {5FB37C0E-83D6-4B79-9AD1-4D6D04437A0C}
	EndGlobalSection
EndGlobal
